
Microsoft Visual Studio Solution File, Format Version 12.00
# Visual Studio Version 17
VisualStudioVersion = 17.9.34714.143
MinimumVisualStudioVersion = 10.0.40219.1
Project("{FAE04EC0-301F-11D3-BF4B-00C04F79EFBC}") = "BoilerPlate.Authentication.Abstractions", "BoilerPlate.Authentication.Abstractions\BoilerPlate.Authentication.Abstractions.csproj", "{082A6C06-AE5C-420C-89A8-D2C5C345CA2D}"
EndProject
Project("{FAE04EC0-301F-11D3-BF4B-00C04F79EFBC}") = "BoilerPlate.Authentication.Database", "BoilerPlate.Authentication.Database\BoilerPlate.Authentication.Database.csproj", "{C4AD088C-1477-4F4C-B7C8-A9C32621FB96}"
EndProject
Project("{FAE04EC0-301F-11D3-BF4B-00C04F79EFBC}") = "BoilerPlate.Authentication.Database.PostgreSql", "BoilerPlate.Authentication.Database.PostgreSql\BoilerPlate.Authentication.Database.PostgreSql.csproj", "{A1B2C3D4-E5F6-7890-ABCD-EF1234567890}"
EndProject
Project("{FAE04EC0-301F-11D3-BF4B-00C04F79EFBC}") = "BoilerPlate.Authentication.Services", "BoilerPlate.Authentication.Services\BoilerPlate.Authentication.Services.csproj", "{1BEDB03F-9D3E-4BBB-AB00-C874CD6B0AFE}"
EndProject
Project("{FAE04EC0-301F-11D3-BF4B-00C04F79EFBC}") = "BoilerPlate.Authentication.WebApi", "BoilerPlate.Authentication.WebApi\BoilerPlate.Authentication.WebApi.csproj", "{7C515FD9-50B9-414D-8F24-A6B88C1C7DE4}"
EndProject
Project("{FAE04EC0-301F-11D3-BF4B-00C04F79EFBC}") = "BoilerPlate.Authentication.LdapServer", "BoilerPlate.Authentication.LdapServer\BoilerPlate.Authentication.LdapServer.csproj", "{E1F2A3B4-C5D6-4789-0ABC-DEF123456789}"
EndProject
Project("{FAE04EC0-301F-11D3-BF4B-00C04F79EFBC}") = "BoilerPlate.Authentication.LdapServer.Host", "BoilerPlate.Authentication.LdapServer.Host\BoilerPlate.Authentication.LdapServer.Host.csproj", "{F2A3B4C5-D6E7-4890-1BCD-EF2345678901}"
EndProject
Project("{FAE04EC0-301F-11D3-BF4B-00C04F79EFBC}") = "BoilerPlate.Authentication.LdapServer.Tests", "BoilerPlate.Authentication.LdapServer.Tests\BoilerPlate.Authentication.LdapServer.Tests.csproj", "{A3B4C5D6-E7F8-4901-2CDE-F34567890123}"
EndProject
Project("{2150E333-8FDC-42A3-9474-1A3956D46DE8}") = "Authentication", "Authentication", "{4C77190D-9C89-4E14-ABCA-7626E4A520A3}"
EndProject
Project("{2150E333-8FDC-42A3-9474-1A3956D46DE8}") = "ServiceBus", "ServiceBus", "{53BCECB4-9BDF-4C2C-AC48-0DB9DD1BC5B9}"
EndProject
Project("{FAE04EC0-301F-11D3-BF4B-00C04F79EFBC}") = "BoilerPlate.ServiceBus.Abstractions", "BoilerPlate.ServiceBus.Abstractions\BoilerPlate.ServiceBus.Abstractions.csproj", "{871B82B0-25F1-4337-AB85-735476752C0B}"
EndProject
Project("{FAE04EC0-301F-11D3-BF4B-00C04F79EFBC}") = "BoilerPlate.ServiceBus.RabbitMq", "BoilerPlate.ServiceBus.RabbitMq\BoilerPlate.ServiceBus.RabbitMq.csproj", "{7F7F82F2-44E1-499D-820B-310EFAF8DD54}"
EndProject
Project("{2150E333-8FDC-42A3-9474-1A3956D46DE8}") = "Observability", "Observability", "{1C1645E0-C8F4-4663-BE97-5ADA0CA90253}"
EndProject
Project("{FAE04EC0-301F-11D3-BF4B-00C04F79EFBC}") = "BoilerPlate.Observability.Abstractions", "BoilerPlate.Observability.Abstractions\BoilerPlate.Observability.Abstractions.csproj", "{340F2AB6-9F74-4B35-AFCE-00E152061A09}"
EndProject
Project("{FAE04EC0-301F-11D3-BF4B-00C04F79EFBC}") = "BoilerPlate.Observability.OpenTelemetry", "BoilerPlate.Observability.OpenTelemetry\BoilerPlate.Observability.OpenTelemetry.csproj", "{F78E7AAE-E153-485A-9495-CAE14CDC999E}"
EndProject
Project("{2150E333-8FDC-42A3-9474-1A3956D46DE8}") = "MicroServices", "MicroServices", "{ACCFF5F4-C116-4A54-AD96-E06BBBC808E4}"
EndProject
Project("{FAE04EC0-301F-11D3-BF4B-00C04F79EFBC}") = "BoilerPlate.Authentication.Services.Tests", "BoilerPlate.Authentication.Services.Tests\BoilerPlate.Authentication.Services.Tests.csproj", "{D8CAD7ED-A4A6-4031-AB80-38FDF3C39409}"
EndProject
Project("{FAE04EC0-301F-11D3-BF4B-00C04F79EFBC}") = "BoilerPlate.ServiceBus.Abstractions.Tests", "BoilerPlate.ServiceBus.Abstractions.Tests\BoilerPlate.ServiceBus.Abstractions.Tests.csproj", "{D5D83686-78CE-428B-A26A-38213149CCB3}"
EndProject
Project("{FAE04EC0-301F-11D3-BF4B-00C04F79EFBC}") = "BoilerPlate.ServiceBus.RabbitMq.Tests", "BoilerPlate.ServiceBus.RabbitMq.Tests\BoilerPlate.ServiceBus.RabbitMq.Tests.csproj", "{A7B8C9D0-E1F2-4345-9012-345678901236}"
EndProject
Project("{FAE04EC0-301F-11D3-BF4B-00C04F79EFBC}") = "BoilerPlate.Authentication.WebApi.Tests", "BoilerPlate.Authentication.WebApi.Tests\BoilerPlate.Authentication.WebApi.Tests.csproj", "{B430C7BB-E86E-4678-97FC-D58B38844DD5}"
EndProject
Project("{FAE04EC0-301F-11D3-BF4B-00C04F79EFBC}") = "BoilerPlate.Services.Audit", "BoilerPlate.Services.Audit\BoilerPlate.Services.Audit.csproj", "{96E70E5E-1F13-44AC-BA48-DE30EB809423}"
EndProject
Project("{2150E333-8FDC-42A3-9474-1A3956D46DE8}") = "Diagnostics", "Diagnostics", "{E8A1B2C3-D4E5-4F67-8901-234567890ABC}"
EndProject
Project("{FAE04EC0-301F-11D3-BF4B-00C04F79EFBC}") = "BoilerPlate.Diagnostics.Database", "BoilerPlate.Diagnostics.Database\BoilerPlate.Diagnostics.Database.csproj", "{B2C3D4E5-F6A7-4890-BCDE-F12345678901}"
EndProject
Project("{FAE04EC0-301F-11D3-BF4B-00C04F79EFBC}") = "BoilerPlate.Diagnostics.WebApi", "BoilerPlate.Diagnostics.WebApi\BoilerPlate.Diagnostics.WebApi.csproj", "{C3D4E5F6-A7B8-4901-CDEF-012345678902}"
EndProject
Project("{FAE04EC0-301F-11D3-BF4B-00C04F79EFBC}") = "BoilerPlate.Diagnostics.AuditLogs.MongoDb", "BoilerPlate.Diagnostics.AuditLogs.MongoDb\BoilerPlate.Diagnostics.AuditLogs.MongoDb.csproj", "{D4E5F6A7-B8C9-4012-DEF0-123456789013}"
EndProject
Project("{FAE04EC0-301F-11D3-BF4B-00C04F79EFBC}") = "BoilerPlate.Diagnostics.EventLogs.MongoDb", "BoilerPlate.Diagnostics.EventLogs.MongoDb\BoilerPlate.Diagnostics.EventLogs.MongoDb.csproj", "{E5F6A7B8-C9D0-4123-EF01-234567890124}"
EndProject
Project("{FAE04EC0-301F-11D3-BF4B-00C04F79EFBC}") = "BoilerPlate.Diagnostics.Metrics.OpenTelemetry", "BoilerPlate.Diagnostics.Metrics.OpenTelemetry\BoilerPlate.Diagnostics.Metrics.OpenTelemetry.csproj", "{F6A7B8C9-D0E1-4234-F012-345678901235}"
EndProject
Project("{FAE04EC0-301F-11D3-BF4B-00C04F79EFBC}") = "BoilerPlate.Diagnostics.WebApi.Tests", "BoilerPlate.Diagnostics.WebApi.Tests\BoilerPlate.Diagnostics.WebApi.Tests.csproj", "{A1B2C3D4-1111-4222-8333-444455556666}"
EndProject
Project("{FAE04EC0-301F-11D3-BF4B-00C04F79EFBC}") = "BoilerPlate.Diagnostics.EventLogs.MongoDb.Tests", "BoilerPlate.Diagnostics.EventLogs.MongoDb.Tests\BoilerPlate.Diagnostics.EventLogs.MongoDb.Tests.csproj", "{B2C3D4E5-2222-4333-9444-555566667777}"
EndProject
Project("{FAE04EC0-301F-11D3-BF4B-00C04F79EFBC}") = "BoilerPlate.Diagnostics.AuditLogs.MongoDb.Tests", "BoilerPlate.Diagnostics.AuditLogs.MongoDb.Tests\BoilerPlate.Diagnostics.AuditLogs.MongoDb.Tests.csproj", "{C3D4E5F6-3333-4444-A555-666677778888}"
EndProject
Global
	GlobalSection(SolutionConfigurationPlatforms) = preSolution
		Debug|Any CPU = Debug|Any CPU
		Debug|x64 = Debug|x64
		Debug|x86 = Debug|x86
		Release|Any CPU = Release|Any CPU
		Release|x64 = Release|x64
		Release|x86 = Release|x86
	EndGlobalSection
	GlobalSection(ProjectConfigurationPlatforms) = postSolution
		{082A6C06-AE5C-420C-89A8-D2C5C345CA2D}.Debug|Any CPU.ActiveCfg = Debug|Any CPU
		{082A6C06-AE5C-420C-89A8-D2C5C345CA2D}.Debug|Any CPU.Build.0 = Debug|Any CPU
		{082A6C06-AE5C-420C-89A8-D2C5C345CA2D}.Debug|x64.ActiveCfg = Debug|Any CPU
		{082A6C06-AE5C-420C-89A8-D2C5C345CA2D}.Debug|x64.Build.0 = Debug|Any CPU
		{082A6C06-AE5C-420C-89A8-D2C5C345CA2D}.Debug|x86.ActiveCfg = Debug|Any CPU
		{082A6C06-AE5C-420C-89A8-D2C5C345CA2D}.Debug|x86.Build.0 = Debug|Any CPU
		{082A6C06-AE5C-420C-89A8-D2C5C345CA2D}.Release|Any CPU.ActiveCfg = Release|Any CPU
		{082A6C06-AE5C-420C-89A8-D2C5C345CA2D}.Release|Any CPU.Build.0 = Release|Any CPU
		{082A6C06-AE5C-420C-89A8-D2C5C345CA2D}.Release|x64.ActiveCfg = Release|Any CPU
		{082A6C06-AE5C-420C-89A8-D2C5C345CA2D}.Release|x64.Build.0 = Release|Any CPU
		{082A6C06-AE5C-420C-89A8-D2C5C345CA2D}.Release|x86.ActiveCfg = Release|Any CPU
		{082A6C06-AE5C-420C-89A8-D2C5C345CA2D}.Release|x86.Build.0 = Release|Any CPU
		{C4AD088C-1477-4F4C-B7C8-A9C32621FB96}.Debug|Any CPU.ActiveCfg = Debug|Any CPU
		{C4AD088C-1477-4F4C-B7C8-A9C32621FB96}.Debug|Any CPU.Build.0 = Debug|Any CPU
		{C4AD088C-1477-4F4C-B7C8-A9C32621FB96}.Debug|x64.ActiveCfg = Debug|Any CPU
		{C4AD088C-1477-4F4C-B7C8-A9C32621FB96}.Debug|x64.Build.0 = Debug|Any CPU
		{C4AD088C-1477-4F4C-B7C8-A9C32621FB96}.Debug|x86.ActiveCfg = Debug|Any CPU
		{C4AD088C-1477-4F4C-B7C8-A9C32621FB96}.Debug|x86.Build.0 = Debug|Any CPU
		{C4AD088C-1477-4F4C-B7C8-A9C32621FB96}.Release|Any CPU.ActiveCfg = Release|Any CPU
		{C4AD088C-1477-4F4C-B7C8-A9C32621FB96}.Release|Any CPU.Build.0 = Release|Any CPU
		{C4AD088C-1477-4F4C-B7C8-A9C32621FB96}.Release|x64.ActiveCfg = Release|Any CPU
		{C4AD088C-1477-4F4C-B7C8-A9C32621FB96}.Release|x64.Build.0 = Release|Any CPU
		{C4AD088C-1477-4F4C-B7C8-A9C32621FB96}.Release|x86.ActiveCfg = Release|Any CPU
		{C4AD088C-1477-4F4C-B7C8-A9C32621FB96}.Release|x86.Build.0 = Release|Any CPU
		{A1B2C3D4-E5F6-7890-ABCD-EF1234567890}.Debug|Any CPU.ActiveCfg = Debug|Any CPU
		{A1B2C3D4-E5F6-7890-ABCD-EF1234567890}.Debug|Any CPU.Build.0 = Debug|Any CPU
		{A1B2C3D4-E5F6-7890-ABCD-EF1234567890}.Debug|x64.ActiveCfg = Debug|Any CPU
		{A1B2C3D4-E5F6-7890-ABCD-EF1234567890}.Debug|x64.Build.0 = Debug|Any CPU
		{A1B2C3D4-E5F6-7890-ABCD-EF1234567890}.Debug|x86.ActiveCfg = Debug|Any CPU
		{A1B2C3D4-E5F6-7890-ABCD-EF1234567890}.Debug|x86.Build.0 = Debug|Any CPU
		{A1B2C3D4-E5F6-7890-ABCD-EF1234567890}.Release|Any CPU.ActiveCfg = Release|Any CPU
		{A1B2C3D4-E5F6-7890-ABCD-EF1234567890}.Release|Any CPU.Build.0 = Release|Any CPU
		{A1B2C3D4-E5F6-7890-ABCD-EF1234567890}.Release|x64.ActiveCfg = Release|Any CPU
		{A1B2C3D4-E5F6-7890-ABCD-EF1234567890}.Release|x64.Build.0 = Release|Any CPU
		{A1B2C3D4-E5F6-7890-ABCD-EF1234567890}.Release|x86.ActiveCfg = Release|Any CPU
		{A1B2C3D4-E5F6-7890-ABCD-EF1234567890}.Release|x86.Build.0 = Release|Any CPU
		{1BEDB03F-9D3E-4BBB-AB00-C874CD6B0AFE}.Debug|Any CPU.ActiveCfg = Debug|Any CPU
		{1BEDB03F-9D3E-4BBB-AB00-C874CD6B0AFE}.Debug|Any CPU.Build.0 = Debug|Any CPU
		{1BEDB03F-9D3E-4BBB-AB00-C874CD6B0AFE}.Debug|x64.ActiveCfg = Debug|Any CPU
		{1BEDB03F-9D3E-4BBB-AB00-C874CD6B0AFE}.Debug|x64.Build.0 = Debug|Any CPU
		{1BEDB03F-9D3E-4BBB-AB00-C874CD6B0AFE}.Debug|x86.ActiveCfg = Debug|Any CPU
		{1BEDB03F-9D3E-4BBB-AB00-C874CD6B0AFE}.Debug|x86.Build.0 = Debug|Any CPU
		{1BEDB03F-9D3E-4BBB-AB00-C874CD6B0AFE}.Release|Any CPU.ActiveCfg = Release|Any CPU
		{1BEDB03F-9D3E-4BBB-AB00-C874CD6B0AFE}.Release|Any CPU.Build.0 = Release|Any CPU
		{1BEDB03F-9D3E-4BBB-AB00-C874CD6B0AFE}.Release|x64.ActiveCfg = Release|Any CPU
		{1BEDB03F-9D3E-4BBB-AB00-C874CD6B0AFE}.Release|x64.Build.0 = Release|Any CPU
		{1BEDB03F-9D3E-4BBB-AB00-C874CD6B0AFE}.Release|x86.ActiveCfg = Release|Any CPU
		{1BEDB03F-9D3E-4BBB-AB00-C874CD6B0AFE}.Release|x86.Build.0 = Release|Any CPU
		{7C515FD9-50B9-414D-8F24-A6B88C1C7DE4}.Debug|Any CPU.ActiveCfg = Debug|Any CPU
		{7C515FD9-50B9-414D-8F24-A6B88C1C7DE4}.Debug|Any CPU.Build.0 = Debug|Any CPU
		{7C515FD9-50B9-414D-8F24-A6B88C1C7DE4}.Debug|x64.ActiveCfg = Debug|Any CPU
		{7C515FD9-50B9-414D-8F24-A6B88C1C7DE4}.Debug|x64.Build.0 = Debug|Any CPU
		{7C515FD9-50B9-414D-8F24-A6B88C1C7DE4}.Debug|x86.ActiveCfg = Debug|Any CPU
		{7C515FD9-50B9-414D-8F24-A6B88C1C7DE4}.Debug|x86.Build.0 = Debug|Any CPU
		{7C515FD9-50B9-414D-8F24-A6B88C1C7DE4}.Release|Any CPU.ActiveCfg = Release|Any CPU
		{7C515FD9-50B9-414D-8F24-A6B88C1C7DE4}.Release|Any CPU.Build.0 = Release|Any CPU
		{7C515FD9-50B9-414D-8F24-A6B88C1C7DE4}.Release|x64.ActiveCfg = Release|Any CPU
		{7C515FD9-50B9-414D-8F24-A6B88C1C7DE4}.Release|x64.Build.0 = Release|Any CPU
		{7C515FD9-50B9-414D-8F24-A6B88C1C7DE4}.Release|x86.ActiveCfg = Release|Any CPU
		{7C515FD9-50B9-414D-8F24-A6B88C1C7DE4}.Release|x86.Build.0 = Release|Any CPU
		{E1F2A3B4-C5D6-4789-0ABC-DEF123456789}.Debug|Any CPU.ActiveCfg = Debug|Any CPU
		{E1F2A3B4-C5D6-4789-0ABC-DEF123456789}.Debug|Any CPU.Build.0 = Debug|Any CPU
		{E1F2A3B4-C5D6-4789-0ABC-DEF123456789}.Debug|x64.ActiveCfg = Debug|Any CPU
		{E1F2A3B4-C5D6-4789-0ABC-DEF123456789}.Debug|x64.Build.0 = Debug|Any CPU
		{E1F2A3B4-C5D6-4789-0ABC-DEF123456789}.Debug|x86.ActiveCfg = Debug|Any CPU
		{E1F2A3B4-C5D6-4789-0ABC-DEF123456789}.Debug|x86.Build.0 = Debug|Any CPU
		{E1F2A3B4-C5D6-4789-0ABC-DEF123456789}.Release|Any CPU.ActiveCfg = Release|Any CPU
		{E1F2A3B4-C5D6-4789-0ABC-DEF123456789}.Release|Any CPU.Build.0 = Release|Any CPU
		{E1F2A3B4-C5D6-4789-0ABC-DEF123456789}.Release|x64.ActiveCfg = Release|Any CPU
		{E1F2A3B4-C5D6-4789-0ABC-DEF123456789}.Release|x64.Build.0 = Release|Any CPU
		{E1F2A3B4-C5D6-4789-0ABC-DEF123456789}.Release|x86.ActiveCfg = Release|Any CPU
		{E1F2A3B4-C5D6-4789-0ABC-DEF123456789}.Release|x86.Build.0 = Release|Any CPU
		{F2A3B4C5-D6E7-4890-1BCD-EF2345678901}.Debug|Any CPU.ActiveCfg = Debug|Any CPU
		{F2A3B4C5-D6E7-4890-1BCD-EF2345678901}.Debug|Any CPU.Build.0 = Debug|Any CPU
		{F2A3B4C5-D6E7-4890-1BCD-EF2345678901}.Debug|x64.ActiveCfg = Debug|Any CPU
		{F2A3B4C5-D6E7-4890-1BCD-EF2345678901}.Debug|x64.Build.0 = Debug|Any CPU
		{F2A3B4C5-D6E7-4890-1BCD-EF2345678901}.Debug|x86.ActiveCfg = Debug|Any CPU
		{F2A3B4C5-D6E7-4890-1BCD-EF2345678901}.Debug|x86.Build.0 = Debug|Any CPU
		{F2A3B4C5-D6E7-4890-1BCD-EF2345678901}.Release|Any CPU.ActiveCfg = Release|Any CPU
		{F2A3B4C5-D6E7-4890-1BCD-EF2345678901}.Release|Any CPU.Build.0 = Release|Any CPU
		{F2A3B4C5-D6E7-4890-1BCD-EF2345678901}.Release|x64.ActiveCfg = Release|Any CPU
		{F2A3B4C5-D6E7-4890-1BCD-EF2345678901}.Release|x64.Build.0 = Release|Any CPU
		{F2A3B4C5-D6E7-4890-1BCD-EF2345678901}.Release|x86.ActiveCfg = Release|Any CPU
		{F2A3B4C5-D6E7-4890-1BCD-EF2345678901}.Release|x86.Build.0 = Release|Any CPU
		{A3B4C5D6-E7F8-4901-2CDE-F34567890123}.Debug|Any CPU.ActiveCfg = Debug|Any CPU
		{A3B4C5D6-E7F8-4901-2CDE-F34567890123}.Debug|Any CPU.Build.0 = Debug|Any CPU
		{A3B4C5D6-E7F8-4901-2CDE-F34567890123}.Debug|x64.ActiveCfg = Debug|Any CPU
		{A3B4C5D6-E7F8-4901-2CDE-F34567890123}.Debug|x64.Build.0 = Debug|Any CPU
		{A3B4C5D6-E7F8-4901-2CDE-F34567890123}.Debug|x86.ActiveCfg = Debug|Any CPU
		{A3B4C5D6-E7F8-4901-2CDE-F34567890123}.Debug|x86.Build.0 = Debug|Any CPU
		{A3B4C5D6-E7F8-4901-2CDE-F34567890123}.Release|Any CPU.ActiveCfg = Release|Any CPU
		{A3B4C5D6-E7F8-4901-2CDE-F34567890123}.Release|Any CPU.Build.0 = Release|Any CPU
		{A3B4C5D6-E7F8-4901-2CDE-F34567890123}.Release|x64.ActiveCfg = Release|Any CPU
		{A3B4C5D6-E7F8-4901-2CDE-F34567890123}.Release|x64.Build.0 = Release|Any CPU
		{A3B4C5D6-E7F8-4901-2CDE-F34567890123}.Release|x86.ActiveCfg = Release|Any CPU
		{A3B4C5D6-E7F8-4901-2CDE-F34567890123}.Release|x86.Build.0 = Release|Any CPU
		{871B82B0-25F1-4337-AB85-735476752C0B}.Debug|Any CPU.ActiveCfg = Debug|Any CPU
		{871B82B0-25F1-4337-AB85-735476752C0B}.Debug|Any CPU.Build.0 = Debug|Any CPU
		{871B82B0-25F1-4337-AB85-735476752C0B}.Debug|x64.ActiveCfg = Debug|Any CPU
		{871B82B0-25F1-4337-AB85-735476752C0B}.Debug|x64.Build.0 = Debug|Any CPU
		{871B82B0-25F1-4337-AB85-735476752C0B}.Debug|x86.ActiveCfg = Debug|Any CPU
		{871B82B0-25F1-4337-AB85-735476752C0B}.Debug|x86.Build.0 = Debug|Any CPU
		{871B82B0-25F1-4337-AB85-735476752C0B}.Release|Any CPU.ActiveCfg = Release|Any CPU
		{871B82B0-25F1-4337-AB85-735476752C0B}.Release|Any CPU.Build.0 = Release|Any CPU
		{871B82B0-25F1-4337-AB85-735476752C0B}.Release|x64.ActiveCfg = Release|Any CPU
		{871B82B0-25F1-4337-AB85-735476752C0B}.Release|x64.Build.0 = Release|Any CPU
		{871B82B0-25F1-4337-AB85-735476752C0B}.Release|x86.ActiveCfg = Release|Any CPU
		{871B82B0-25F1-4337-AB85-735476752C0B}.Release|x86.Build.0 = Release|Any CPU
		{7F7F82F2-44E1-499D-820B-310EFAF8DD54}.Debug|Any CPU.ActiveCfg = Debug|Any CPU
		{7F7F82F2-44E1-499D-820B-310EFAF8DD54}.Debug|Any CPU.Build.0 = Debug|Any CPU
		{7F7F82F2-44E1-499D-820B-310EFAF8DD54}.Debug|x64.ActiveCfg = Debug|Any CPU
		{7F7F82F2-44E1-499D-820B-310EFAF8DD54}.Debug|x64.Build.0 = Debug|Any CPU
		{7F7F82F2-44E1-499D-820B-310EFAF8DD54}.Debug|x86.ActiveCfg = Debug|Any CPU
		{7F7F82F2-44E1-499D-820B-310EFAF8DD54}.Debug|x86.Build.0 = Debug|Any CPU
		{7F7F82F2-44E1-499D-820B-310EFAF8DD54}.Release|Any CPU.ActiveCfg = Release|Any CPU
		{7F7F82F2-44E1-499D-820B-310EFAF8DD54}.Release|Any CPU.Build.0 = Release|Any CPU
		{7F7F82F2-44E1-499D-820B-310EFAF8DD54}.Release|x64.ActiveCfg = Release|Any CPU
		{7F7F82F2-44E1-499D-820B-310EFAF8DD54}.Release|x64.Build.0 = Release|Any CPU
		{7F7F82F2-44E1-499D-820B-310EFAF8DD54}.Release|x86.ActiveCfg = Release|Any CPU
		{7F7F82F2-44E1-499D-820B-310EFAF8DD54}.Release|x86.Build.0 = Release|Any CPU
		{340F2AB6-9F74-4B35-AFCE-00E152061A09}.Debug|Any CPU.ActiveCfg = Debug|Any CPU
		{340F2AB6-9F74-4B35-AFCE-00E152061A09}.Debug|Any CPU.Build.0 = Debug|Any CPU
		{340F2AB6-9F74-4B35-AFCE-00E152061A09}.Debug|x64.ActiveCfg = Debug|Any CPU
		{340F2AB6-9F74-4B35-AFCE-00E152061A09}.Debug|x64.Build.0 = Debug|Any CPU
		{340F2AB6-9F74-4B35-AFCE-00E152061A09}.Debug|x86.ActiveCfg = Debug|Any CPU
		{340F2AB6-9F74-4B35-AFCE-00E152061A09}.Debug|x86.Build.0 = Debug|Any CPU
		{340F2AB6-9F74-4B35-AFCE-00E152061A09}.Release|Any CPU.ActiveCfg = Release|Any CPU
		{340F2AB6-9F74-4B35-AFCE-00E152061A09}.Release|Any CPU.Build.0 = Release|Any CPU
		{340F2AB6-9F74-4B35-AFCE-00E152061A09}.Release|x64.ActiveCfg = Release|Any CPU
		{340F2AB6-9F74-4B35-AFCE-00E152061A09}.Release|x64.Build.0 = Release|Any CPU
		{340F2AB6-9F74-4B35-AFCE-00E152061A09}.Release|x86.ActiveCfg = Release|Any CPU
		{340F2AB6-9F74-4B35-AFCE-00E152061A09}.Release|x86.Build.0 = Release|Any CPU
		{F78E7AAE-E153-485A-9495-CAE14CDC999E}.Debug|Any CPU.ActiveCfg = Debug|Any CPU
		{F78E7AAE-E153-485A-9495-CAE14CDC999E}.Debug|Any CPU.Build.0 = Debug|Any CPU
		{F78E7AAE-E153-485A-9495-CAE14CDC999E}.Debug|x64.ActiveCfg = Debug|Any CPU
		{F78E7AAE-E153-485A-9495-CAE14CDC999E}.Debug|x64.Build.0 = Debug|Any CPU
		{F78E7AAE-E153-485A-9495-CAE14CDC999E}.Debug|x86.ActiveCfg = Debug|Any CPU
		{F78E7AAE-E153-485A-9495-CAE14CDC999E}.Debug|x86.Build.0 = Debug|Any CPU
		{F78E7AAE-E153-485A-9495-CAE14CDC999E}.Release|Any CPU.ActiveCfg = Release|Any CPU
		{F78E7AAE-E153-485A-9495-CAE14CDC999E}.Release|Any CPU.Build.0 = Release|Any CPU
		{F78E7AAE-E153-485A-9495-CAE14CDC999E}.Release|x64.ActiveCfg = Release|Any CPU
		{F78E7AAE-E153-485A-9495-CAE14CDC999E}.Release|x64.Build.0 = Release|Any CPU
		{F78E7AAE-E153-485A-9495-CAE14CDC999E}.Release|x86.ActiveCfg = Release|Any CPU
		{F78E7AAE-E153-485A-9495-CAE14CDC999E}.Release|x86.Build.0 = Release|Any CPU
		{D8CAD7ED-A4A6-4031-AB80-38FDF3C39409}.Debug|Any CPU.ActiveCfg = Debug|Any CPU
		{D8CAD7ED-A4A6-4031-AB80-38FDF3C39409}.Debug|Any CPU.Build.0 = Debug|Any CPU
		{D8CAD7ED-A4A6-4031-AB80-38FDF3C39409}.Debug|x64.ActiveCfg = Debug|Any CPU
		{D8CAD7ED-A4A6-4031-AB80-38FDF3C39409}.Debug|x64.Build.0 = Debug|Any CPU
		{D8CAD7ED-A4A6-4031-AB80-38FDF3C39409}.Debug|x86.ActiveCfg = Debug|Any CPU
		{D8CAD7ED-A4A6-4031-AB80-38FDF3C39409}.Debug|x86.Build.0 = Debug|Any CPU
		{D8CAD7ED-A4A6-4031-AB80-38FDF3C39409}.Release|Any CPU.ActiveCfg = Release|Any CPU
		{D8CAD7ED-A4A6-4031-AB80-38FDF3C39409}.Release|Any CPU.Build.0 = Release|Any CPU
		{D8CAD7ED-A4A6-4031-AB80-38FDF3C39409}.Release|x64.ActiveCfg = Release|Any CPU
		{D8CAD7ED-A4A6-4031-AB80-38FDF3C39409}.Release|x64.Build.0 = Release|Any CPU
		{D8CAD7ED-A4A6-4031-AB80-38FDF3C39409}.Release|x86.ActiveCfg = Release|Any CPU
		{D8CAD7ED-A4A6-4031-AB80-38FDF3C39409}.Release|x86.Build.0 = Release|Any CPU
		{D5D83686-78CE-428B-A26A-38213149CCB3}.Debug|Any CPU.ActiveCfg = Debug|Any CPU
		{D5D83686-78CE-428B-A26A-38213149CCB3}.Debug|Any CPU.Build.0 = Debug|Any CPU
		{D5D83686-78CE-428B-A26A-38213149CCB3}.Debug|x64.ActiveCfg = Debug|Any CPU
		{D5D83686-78CE-428B-A26A-38213149CCB3}.Debug|x64.Build.0 = Debug|Any CPU
		{D5D83686-78CE-428B-A26A-38213149CCB3}.Debug|x86.ActiveCfg = Debug|Any CPU
		{D5D83686-78CE-428B-A26A-38213149CCB3}.Debug|x86.Build.0 = Debug|Any CPU
		{D5D83686-78CE-428B-A26A-38213149CCB3}.Release|Any CPU.ActiveCfg = Release|Any CPU
		{D5D83686-78CE-428B-A26A-38213149CCB3}.Release|Any CPU.Build.0 = Release|Any CPU
		{D5D83686-78CE-428B-A26A-38213149CCB3}.Release|x64.ActiveCfg = Release|Any CPU
		{D5D83686-78CE-428B-A26A-38213149CCB3}.Release|x64.Build.0 = Release|Any CPU
		{D5D83686-78CE-428B-A26A-38213149CCB3}.Release|x86.ActiveCfg = Release|Any CPU
		{D5D83686-78CE-428B-A26A-38213149CCB3}.Release|x86.Build.0 = Release|Any CPU
		{A7B8C9D0-E1F2-4345-9012-345678901236}.Debug|Any CPU.ActiveCfg = Debug|Any CPU
		{A7B8C9D0-E1F2-4345-9012-345678901236}.Debug|Any CPU.Build.0 = Debug|Any CPU
		{A7B8C9D0-E1F2-4345-9012-345678901236}.Debug|x64.ActiveCfg = Debug|Any CPU
		{A7B8C9D0-E1F2-4345-9012-345678901236}.Debug|x64.Build.0 = Debug|Any CPU
		{A7B8C9D0-E1F2-4345-9012-345678901236}.Debug|x86.ActiveCfg = Debug|Any CPU
		{A7B8C9D0-E1F2-4345-9012-345678901236}.Debug|x86.Build.0 = Debug|Any CPU
		{A7B8C9D0-E1F2-4345-9012-345678901236}.Release|Any CPU.ActiveCfg = Release|Any CPU
		{A7B8C9D0-E1F2-4345-9012-345678901236}.Release|Any CPU.Build.0 = Release|Any CPU
		{A7B8C9D0-E1F2-4345-9012-345678901236}.Release|x64.ActiveCfg = Release|Any CPU
		{A7B8C9D0-E1F2-4345-9012-345678901236}.Release|x64.Build.0 = Release|Any CPU
		{A7B8C9D0-E1F2-4345-9012-345678901236}.Release|x86.ActiveCfg = Release|Any CPU
		{A7B8C9D0-E1F2-4345-9012-345678901236}.Release|x86.Build.0 = Release|Any CPU
		{B430C7BB-E86E-4678-97FC-D58B38844DD5}.Debug|Any CPU.ActiveCfg = Debug|Any CPU
		{B430C7BB-E86E-4678-97FC-D58B38844DD5}.Debug|Any CPU.Build.0 = Debug|Any CPU
		{B430C7BB-E86E-4678-97FC-D58B38844DD5}.Debug|x64.ActiveCfg = Debug|Any CPU
		{B430C7BB-E86E-4678-97FC-D58B38844DD5}.Debug|x64.Build.0 = Debug|Any CPU
		{B430C7BB-E86E-4678-97FC-D58B38844DD5}.Debug|x86.ActiveCfg = Debug|Any CPU
		{B430C7BB-E86E-4678-97FC-D58B38844DD5}.Debug|x86.Build.0 = Debug|Any CPU
		{B430C7BB-E86E-4678-97FC-D58B38844DD5}.Release|Any CPU.ActiveCfg = Release|Any CPU
		{B430C7BB-E86E-4678-97FC-D58B38844DD5}.Release|Any CPU.Build.0 = Release|Any CPU
		{B430C7BB-E86E-4678-97FC-D58B38844DD5}.Release|x64.ActiveCfg = Release|Any CPU
		{B430C7BB-E86E-4678-97FC-D58B38844DD5}.Release|x64.Build.0 = Release|Any CPU
		{B430C7BB-E86E-4678-97FC-D58B38844DD5}.Release|x86.ActiveCfg = Release|Any CPU
		{B430C7BB-E86E-4678-97FC-D58B38844DD5}.Release|x86.Build.0 = Release|Any CPU
		{96E70E5E-1F13-44AC-BA48-DE30EB809423}.Debug|Any CPU.ActiveCfg = Debug|Any CPU
		{96E70E5E-1F13-44AC-BA48-DE30EB809423}.Debug|Any CPU.Build.0 = Debug|Any CPU
		{96E70E5E-1F13-44AC-BA48-DE30EB809423}.Debug|x64.ActiveCfg = Debug|Any CPU
		{96E70E5E-1F13-44AC-BA48-DE30EB809423}.Debug|x64.Build.0 = Debug|Any CPU
		{96E70E5E-1F13-44AC-BA48-DE30EB809423}.Debug|x86.ActiveCfg = Debug|Any CPU
		{96E70E5E-1F13-44AC-BA48-DE30EB809423}.Debug|x86.Build.0 = Debug|Any CPU
		{96E70E5E-1F13-44AC-BA48-DE30EB809423}.Release|Any CPU.ActiveCfg = Release|Any CPU
		{96E70E5E-1F13-44AC-BA48-DE30EB809423}.Release|Any CPU.Build.0 = Release|Any CPU
		{96E70E5E-1F13-44AC-BA48-DE30EB809423}.Release|x64.ActiveCfg = Release|Any CPU
		{96E70E5E-1F13-44AC-BA48-DE30EB809423}.Release|x64.Build.0 = Release|Any CPU
		{96E70E5E-1F13-44AC-BA48-DE30EB809423}.Release|x86.ActiveCfg = Release|Any CPU
		{96E70E5E-1F13-44AC-BA48-DE30EB809423}.Release|x86.Build.0 = Release|Any CPU
		{B2C3D4E5-F6A7-4890-BCDE-F12345678901}.Debug|Any CPU.ActiveCfg = Debug|Any CPU
		{B2C3D4E5-F6A7-4890-BCDE-F12345678901}.Debug|Any CPU.Build.0 = Debug|Any CPU
		{B2C3D4E5-F6A7-4890-BCDE-F12345678901}.Debug|x64.ActiveCfg = Debug|Any CPU
		{B2C3D4E5-F6A7-4890-BCDE-F12345678901}.Debug|x64.Build.0 = Debug|Any CPU
		{B2C3D4E5-F6A7-4890-BCDE-F12345678901}.Debug|x86.ActiveCfg = Debug|Any CPU
		{B2C3D4E5-F6A7-4890-BCDE-F12345678901}.Debug|x86.Build.0 = Debug|Any CPU
		{B2C3D4E5-F6A7-4890-BCDE-F12345678901}.Release|Any CPU.ActiveCfg = Release|Any CPU
		{B2C3D4E5-F6A7-4890-BCDE-F12345678901}.Release|Any CPU.Build.0 = Release|Any CPU
		{B2C3D4E5-F6A7-4890-BCDE-F12345678901}.Release|x64.ActiveCfg = Release|Any CPU
		{B2C3D4E5-F6A7-4890-BCDE-F12345678901}.Release|x64.Build.0 = Release|Any CPU
		{B2C3D4E5-F6A7-4890-BCDE-F12345678901}.Release|x86.ActiveCfg = Release|Any CPU
		{B2C3D4E5-F6A7-4890-BCDE-F12345678901}.Release|x86.Build.0 = Release|Any CPU
		{C3D4E5F6-A7B8-4901-CDEF-012345678902}.Debug|Any CPU.ActiveCfg = Debug|Any CPU
		{C3D4E5F6-A7B8-4901-CDEF-012345678902}.Debug|Any CPU.Build.0 = Debug|Any CPU
		{C3D4E5F6-A7B8-4901-CDEF-012345678902}.Debug|x64.ActiveCfg = Debug|Any CPU
		{C3D4E5F6-A7B8-4901-CDEF-012345678902}.Debug|x64.Build.0 = Debug|Any CPU
		{C3D4E5F6-A7B8-4901-CDEF-012345678902}.Debug|x86.ActiveCfg = Debug|Any CPU
		{C3D4E5F6-A7B8-4901-CDEF-012345678902}.Debug|x86.Build.0 = Debug|Any CPU
		{C3D4E5F6-A7B8-4901-CDEF-012345678902}.Release|Any CPU.ActiveCfg = Release|Any CPU
		{C3D4E5F6-A7B8-4901-CDEF-012345678902}.Release|Any CPU.Build.0 = Release|Any CPU
		{C3D4E5F6-A7B8-4901-CDEF-012345678902}.Release|x64.ActiveCfg = Release|Any CPU
		{C3D4E5F6-A7B8-4901-CDEF-012345678902}.Release|x64.Build.0 = Release|Any CPU
		{C3D4E5F6-A7B8-4901-CDEF-012345678902}.Release|x86.ActiveCfg = Release|Any CPU
		{C3D4E5F6-A7B8-4901-CDEF-012345678902}.Release|x86.Build.0 = Release|Any CPU
		{D4E5F6A7-B8C9-4012-DEF0-123456789013}.Debug|Any CPU.ActiveCfg = Debug|Any CPU
		{D4E5F6A7-B8C9-4012-DEF0-123456789013}.Debug|Any CPU.Build.0 = Debug|Any CPU
		{D4E5F6A7-B8C9-4012-DEF0-123456789013}.Debug|x64.ActiveCfg = Debug|Any CPU
		{D4E5F6A7-B8C9-4012-DEF0-123456789013}.Debug|x64.Build.0 = Debug|Any CPU
		{D4E5F6A7-B8C9-4012-DEF0-123456789013}.Debug|x86.ActiveCfg = Debug|Any CPU
		{D4E5F6A7-B8C9-4012-DEF0-123456789013}.Debug|x86.Build.0 = Debug|Any CPU
		{D4E5F6A7-B8C9-4012-DEF0-123456789013}.Release|Any CPU.ActiveCfg = Release|Any CPU
		{D4E5F6A7-B8C9-4012-DEF0-123456789013}.Release|Any CPU.Build.0 = Release|Any CPU
		{D4E5F6A7-B8C9-4012-DEF0-123456789013}.Release|x64.ActiveCfg = Release|Any CPU
		{D4E5F6A7-B8C9-4012-DEF0-123456789013}.Release|x64.Build.0 = Release|Any CPU
		{D4E5F6A7-B8C9-4012-DEF0-123456789013}.Release|x86.ActiveCfg = Release|Any CPU
		{D4E5F6A7-B8C9-4012-DEF0-123456789013}.Release|x86.Build.0 = Release|Any CPU
		{E5F6A7B8-C9D0-4123-EF01-234567890124}.Debug|Any CPU.ActiveCfg = Debug|Any CPU
		{E5F6A7B8-C9D0-4123-EF01-234567890124}.Debug|Any CPU.Build.0 = Debug|Any CPU
		{E5F6A7B8-C9D0-4123-EF01-234567890124}.Debug|x64.ActiveCfg = Debug|Any CPU
		{E5F6A7B8-C9D0-4123-EF01-234567890124}.Debug|x64.Build.0 = Debug|Any CPU
		{E5F6A7B8-C9D0-4123-EF01-234567890124}.Debug|x86.ActiveCfg = Debug|Any CPU
		{E5F6A7B8-C9D0-4123-EF01-234567890124}.Debug|x86.Build.0 = Debug|Any CPU
		{E5F6A7B8-C9D0-4123-EF01-234567890124}.Release|Any CPU.ActiveCfg = Release|Any CPU
		{E5F6A7B8-C9D0-4123-EF01-234567890124}.Release|Any CPU.Build.0 = Release|Any CPU
		{E5F6A7B8-C9D0-4123-EF01-234567890124}.Release|x64.ActiveCfg = Release|Any CPU
		{E5F6A7B8-C9D0-4123-EF01-234567890124}.Release|x64.Build.0 = Release|Any CPU
		{E5F6A7B8-C9D0-4123-EF01-234567890124}.Release|x86.ActiveCfg = Release|Any CPU
		{E5F6A7B8-C9D0-4123-EF01-234567890124}.Release|x86.Build.0 = Release|Any CPU
		{F6A7B8C9-D0E1-4234-F012-345678901235}.Debug|Any CPU.ActiveCfg = Debug|Any CPU
		{F6A7B8C9-D0E1-4234-F012-345678901235}.Debug|Any CPU.Build.0 = Debug|Any CPU
		{F6A7B8C9-D0E1-4234-F012-345678901235}.Debug|x64.ActiveCfg = Debug|Any CPU
		{F6A7B8C9-D0E1-4234-F012-345678901235}.Debug|x64.Build.0 = Debug|Any CPU
		{F6A7B8C9-D0E1-4234-F012-345678901235}.Debug|x86.ActiveCfg = Debug|Any CPU
		{F6A7B8C9-D0E1-4234-F012-345678901235}.Debug|x86.Build.0 = Debug|Any CPU
		{F6A7B8C9-D0E1-4234-F012-345678901235}.Release|Any CPU.ActiveCfg = Release|Any CPU
		{F6A7B8C9-D0E1-4234-F012-345678901235}.Release|Any CPU.Build.0 = Release|Any CPU
		{F6A7B8C9-D0E1-4234-F012-345678901235}.Release|x64.ActiveCfg = Release|Any CPU
		{F6A7B8C9-D0E1-4234-F012-345678901235}.Release|x64.Build.0 = Release|Any CPU
		{F6A7B8C9-D0E1-4234-F012-345678901235}.Release|x86.ActiveCfg = Release|Any CPU
		{F6A7B8C9-D0E1-4234-F012-345678901235}.Release|x86.Build.0 = Release|Any CPU
		{A1B2C3D4-1111-4222-8333-444455556666}.Debug|Any CPU.ActiveCfg = Debug|Any CPU
		{A1B2C3D4-1111-4222-8333-444455556666}.Debug|Any CPU.Build.0 = Debug|Any CPU
		{A1B2C3D4-1111-4222-8333-444455556666}.Debug|x64.ActiveCfg = Debug|Any CPU
		{A1B2C3D4-1111-4222-8333-444455556666}.Debug|x64.Build.0 = Debug|Any CPU
		{A1B2C3D4-1111-4222-8333-444455556666}.Debug|x86.ActiveCfg = Debug|Any CPU
		{A1B2C3D4-1111-4222-8333-444455556666}.Debug|x86.Build.0 = Debug|Any CPU
		{A1B2C3D4-1111-4222-8333-444455556666}.Release|Any CPU.ActiveCfg = Release|Any CPU
		{A1B2C3D4-1111-4222-8333-444455556666}.Release|Any CPU.Build.0 = Release|Any CPU
		{A1B2C3D4-1111-4222-8333-444455556666}.Release|x64.ActiveCfg = Release|Any CPU
		{A1B2C3D4-1111-4222-8333-444455556666}.Release|x64.Build.0 = Release|Any CPU
		{A1B2C3D4-1111-4222-8333-444455556666}.Release|x86.ActiveCfg = Release|Any CPU
		{A1B2C3D4-1111-4222-8333-444455556666}.Release|x86.Build.0 = Release|Any CPU
		{B2C3D4E5-2222-4333-9444-555566667777}.Debug|Any CPU.ActiveCfg = Debug|Any CPU
		{B2C3D4E5-2222-4333-9444-555566667777}.Debug|Any CPU.Build.0 = Debug|Any CPU
		{B2C3D4E5-2222-4333-9444-555566667777}.Debug|x64.ActiveCfg = Debug|Any CPU
		{B2C3D4E5-2222-4333-9444-555566667777}.Debug|x64.Build.0 = Debug|Any CPU
		{B2C3D4E5-2222-4333-9444-555566667777}.Debug|x86.ActiveCfg = Debug|Any CPU
		{B2C3D4E5-2222-4333-9444-555566667777}.Debug|x86.Build.0 = Debug|Any CPU
		{B2C3D4E5-2222-4333-9444-555566667777}.Release|Any CPU.ActiveCfg = Release|Any CPU
		{B2C3D4E5-2222-4333-9444-555566667777}.Release|Any CPU.Build.0 = Release|Any CPU
		{B2C3D4E5-2222-4333-9444-555566667777}.Release|x64.ActiveCfg = Release|Any CPU
		{B2C3D4E5-2222-4333-9444-555566667777}.Release|x64.Build.0 = Release|Any CPU
		{B2C3D4E5-2222-4333-9444-555566667777}.Release|x86.ActiveCfg = Release|Any CPU
		{B2C3D4E5-2222-4333-9444-555566667777}.Release|x86.Build.0 = Release|Any CPU
		{C3D4E5F6-3333-4444-A555-666677778888}.Debug|Any CPU.ActiveCfg = Debug|Any CPU
		{C3D4E5F6-3333-4444-A555-666677778888}.Debug|Any CPU.Build.0 = Debug|Any CPU
		{C3D4E5F6-3333-4444-A555-666677778888}.Debug|x64.ActiveCfg = Debug|Any CPU
		{C3D4E5F6-3333-4444-A555-666677778888}.Debug|x64.Build.0 = Debug|Any CPU
		{C3D4E5F6-3333-4444-A555-666677778888}.Debug|x86.ActiveCfg = Debug|Any CPU
		{C3D4E5F6-3333-4444-A555-666677778888}.Debug|x86.Build.0 = Debug|Any CPU
		{C3D4E5F6-3333-4444-A555-666677778888}.Release|Any CPU.ActiveCfg = Release|Any CPU
		{C3D4E5F6-3333-4444-A555-666677778888}.Release|Any CPU.Build.0 = Release|Any CPU
		{C3D4E5F6-3333-4444-A555-666677778888}.Release|x64.ActiveCfg = Release|Any CPU
		{C3D4E5F6-3333-4444-A555-666677778888}.Release|x64.Build.0 = Release|Any CPU
		{C3D4E5F6-3333-4444-A555-666677778888}.Release|x86.ActiveCfg = Release|Any CPU
		{C3D4E5F6-3333-4444-A555-666677778888}.Release|x86.Build.0 = Release|Any CPU
	EndGlobalSection
	GlobalSection(SolutionProperties) = preSolution
		HideSolutionNode = FALSE
	EndGlobalSection
	GlobalSection(NestedProjects) = preSolution
		{082A6C06-AE5C-420C-89A8-D2C5C345CA2D} = {4C77190D-9C89-4E14-ABCA-7626E4A520A3}
		{C4AD088C-1477-4F4C-B7C8-A9C32621FB96} = {4C77190D-9C89-4E14-ABCA-7626E4A520A3}
		{A1B2C3D4-E5F6-7890-ABCD-EF1234567890} = {4C77190D-9C89-4E14-ABCA-7626E4A520A3}
		{1BEDB03F-9D3E-4BBB-AB00-C874CD6B0AFE} = {4C77190D-9C89-4E14-ABCA-7626E4A520A3}
		{7C515FD9-50B9-414D-8F24-A6B88C1C7DE4} = {4C77190D-9C89-4E14-ABCA-7626E4A520A3}
		{E1F2A3B4-C5D6-4789-0ABC-DEF123456789} = {4C77190D-9C89-4E14-ABCA-7626E4A520A3}
		{F2A3B4C5-D6E7-4890-1BCD-EF2345678901} = {4C77190D-9C89-4E14-ABCA-7626E4A520A3}
		{A3B4C5D6-E7F8-4901-2CDE-F34567890123} = {4C77190D-9C89-4E14-ABCA-7626E4A520A3}
		{871B82B0-25F1-4337-AB85-735476752C0B} = {53BCECB4-9BDF-4C2C-AC48-0DB9DD1BC5B9}
		{7F7F82F2-44E1-499D-820B-310EFAF8DD54} = {53BCECB4-9BDF-4C2C-AC48-0DB9DD1BC5B9}
		{D5D83686-78CE-428B-A26A-38213149CCB3} = {53BCECB4-9BDF-4C2C-AC48-0DB9DD1BC5B9}
		{A7B8C9D0-E1F2-4345-9012-345678901236} = {53BCECB4-9BDF-4C2C-AC48-0DB9DD1BC5B9}
		{340F2AB6-9F74-4B35-AFCE-00E152061A09} = {1C1645E0-C8F4-4663-BE97-5ADA0CA90253}
		{F78E7AAE-E153-485A-9495-CAE14CDC999E} = {1C1645E0-C8F4-4663-BE97-5ADA0CA90253}
		{D8CAD7ED-A4A6-4031-AB80-38FDF3C39409} = {4C77190D-9C89-4E14-ABCA-7626E4A520A3}
		{B2C3D4E5-F6A7-4890-BCDE-F12345678901} = {E8A1B2C3-D4E5-4F67-8901-234567890ABC}
		{C3D4E5F6-A7B8-4901-CDEF-012345678902} = {E8A1B2C3-D4E5-4F67-8901-234567890ABC}
		{D4E5F6A7-B8C9-4012-DEF0-123456789013} = {E8A1B2C3-D4E5-4F67-8901-234567890ABC}
		{E5F6A7B8-C9D0-4123-EF01-234567890124} = {E8A1B2C3-D4E5-4F67-8901-234567890ABC}
		{F6A7B8C9-D0E1-4234-F012-345678901235} = {E8A1B2C3-D4E5-4F67-8901-234567890ABC}
		{A1B2C3D4-1111-4222-8333-444455556666} = {E8A1B2C3-D4E5-4F67-8901-234567890ABC}
		{B2C3D4E5-2222-4333-9444-555566667777} = {E8A1B2C3-D4E5-4F67-8901-234567890ABC}
		{C3D4E5F6-3333-4444-A555-666677778888} = {E8A1B2C3-D4E5-4F67-8901-234567890ABC}
	EndGlobalSection
	GlobalSection(ExtensibilityGlobals) = postSolution
		SolutionGuid = {294DA38E-CC94-43F6-8939-F70A51C6C767}
	EndGlobalSection
EndGlobal
